
Microsoft Visual Studio Solution File, Format Version 12.00
# Visual Studio Version 17
VisualStudioVersion = 17.4.33213.308
MinimumVisualStudioVersion = 10.0.40219.1
Project("{FAE04EC0-301F-11D3-BF4B-00C04F79EFBC}") = "EducacionalAPIConexaoDB", "EducacionalAPIConexaoDB\EducacionalAPIConexaoDB.csproj", "{D7E989D6-222A-462D-896C-0681A2B34B52}"
EndProject
Global
	GlobalSection(SolutionConfigurationPlatforms) = preSolution
		Debug|Any CPU = Debug|Any CPU
		Release|Any CPU = Release|Any CPU
	EndGlobalSection
	GlobalSection(ProjectConfigurationPlatforms) = postSolution
		{D7E989D6-222A-462D-896C-0681A2B34B52}.Debug|Any CPU.ActiveCfg = Debug|Any CPU
		{D7E989D6-222A-462D-896C-0681A2B34B52}.Debug|Any CPU.Build.0 = Debug|Any CPU
		{D7E989D6-222A-462D-896C-0681A2B34B52}.Release|Any CPU.ActiveCfg = Release|Any CPU
		{D7E989D6-222A-462D-896C-0681A2B34B52}.Release|Any CPU.Build.0 = Release|Any CPU
	EndGlobalSection
	GlobalSection(SolutionProperties) = preSolution
		HideSolutionNode = FALSE
	EndGlobalSection
	GlobalSection(ExtensibilityGlobals) = postSolution
		SolutionGuid = {98F34E68-2467-4BC5-81D8-EF16D4B13CF1}
	EndGlobalSection
EndGlobal
